
Microsoft Visual Studio Solution File, Format Version 12.00
# Visual Studio 15
VisualStudioVersion = 15.0.26430.16
MinimumVisualStudioVersion = 10.0.40219.1
Project("{FAE04EC0-301F-11D3-BF4B-00C04F79EFBC}") = "ReCommon", "ReCommon\ReCommon.csproj", "{C041AE61-9692-4389-BCD2-A27864D2CB60}"
EndProject
Project("{FAE04EC0-301F-11D3-BF4B-00C04F79EFBC}") = "SqlHelper", "SqlCommon\SqlHelper.csproj", "{3CAA317F-81C5-4D07-AE82-C58CA0A9745D}"
EndProject
Project("{FAE04EC0-301F-11D3-BF4B-00C04F79EFBC}") = "RedisHelper", "Redis\RedisHelper.csproj", "{E7E7E77F-9FE0-431E-BDA5-B55101CEE855}"
EndProject
Project("{FAE04EC0-301F-11D3-BF4B-00C04F79EFBC}") = "SMSCode", "SMSCode\SMSCode.csproj", "{238AB7BF-87ED-476A-A6E0-A7A41DED3E3E}"
EndProject
Project("{FAE04EC0-301F-11D3-BF4B-00C04F79EFBC}") = "WebApplication1", "WebApplication1\WebApplication1.csproj", "{1F14F174-520E-4226-A85E-1244827BA753}"
EndProject
Project("{FAE04EC0-301F-11D3-BF4B-00C04F79EFBC}") = "Verification", "Verification\Verification.csproj", "{6420496E-9F2D-40A3-8943-27ECC32207CC}"
EndProject
Project("{FAE04EC0-301F-11D3-BF4B-00C04F79EFBC}") = "AppModel", "AppModel\AppModel.csproj", "{1245ED00-46BA-4558-BD30-CDDE6A786E9A}"
EndProject
Project("{FAE04EC0-301F-11D3-BF4B-00C04F79EFBC}") = "OperationPlatformApi", "OperationPlatformApi\OperationPlatformApi.csproj", "{FCD87A2A-4C41-4D7F-99E1-51EF73A9E444}"
EndProject
Project("{FAE04EC0-301F-11D3-BF4B-00C04F79EFBC}") = "AppWebApi", "AppWebApi\AppWebApi.csproj", "{304AEFE4-BC05-49EE-B31D-B83BFB670FE3}"
EndProject
Project("{FAE04EC0-301F-11D3-BF4B-00C04F79EFBC}") = "OperationPlatformModel", "OperationPlatformModel\OperationPlatformModel.csproj", "{140CBB62-BA92-4543-AE0D-F4C66015DDC3}"
EndProject
Project("{FAE04EC0-301F-11D3-BF4B-00C04F79EFBC}") = "CacheManager", "CacheManager\CacheManager.csproj", "{AE6E955E-FD96-4EAA-872D-EBB45CA7FA55}"
EndProject
Project("{FAE04EC0-301F-11D3-BF4B-00C04F79EFBC}") = "RedisAPI", "RedisApi\RedisAPI.csproj", "{78EA485B-EE54-4399-9D63-C0B62D19FC5E}"
EndProject
Project("{FAE04EC0-301F-11D3-BF4B-00C04F79EFBC}") = "SMSCodeAPI", "SMSCodeAPI\SMSCodeAPI.csproj", "{0E70EE47-CBF5-4593-B50F-67A892967F16}"
EndProject
Project("{2150E333-8FDC-42A3-9474-1A3956D46DE8}") = "Model", "Model", "{4152F193-C8B4-41D9-96DE-6DDE23EBD42A}"
EndProject
Project("{2150E333-8FDC-42A3-9474-1A3956D46DE8}") = "API", "API", "{667E6250-A836-4C17-A4DC-6CE26AF19193}"
EndProject
Project("{2150E333-8FDC-42A3-9474-1A3956D46DE8}") = "Common", "Common", "{9798F4FD-9C17-4B75-BEF1-3C1292D8DC45}"
EndProject
Project("{FAE04EC0-301F-11D3-BF4B-00C04F79EFBC}") = "RedisModel", "RedisModel\RedisModel.csproj", "{F4E8CC02-B82F-4FAF-AB2C-57F0B5FFA610}"
EndProject
Project("{FAE04EC0-301F-11D3-BF4B-00C04F79EFBC}") = "MerchantModel", "MerchantModel\MerchantModel.csproj", "{BAD05475-3DFB-4F59-B8C6-AB8D477843BF}"
EndProject
Project("{FAE04EC0-301F-11D3-BF4B-00C04F79EFBC}") = "MerchantPlatformApi", "MerchantPlatformApi\MerchantPlatformApi.csproj", "{3B786C37-F8A6-4B86-A6C0-EBECEFC2FE30}"
EndProject
Project("{FAE04EC0-301F-11D3-BF4B-00C04F79EFBC}") = "PayManageMentModel", "PayManageModel\PayManageMentModel.csproj", "{1056DED9-4135-4B0A-8703-130B2EFD62F6}"
EndProject
Project("{FAE04EC0-301F-11D3-BF4B-00C04F79EFBC}") = "PayMentManageApi", "PayMentManageApi\PayMentManageApi.csproj", "{1050F53E-FA15-4D39-A7C6-DFF8F8663C8D}"
EndProject
Global
	GlobalSection(SolutionConfigurationPlatforms) = preSolution
		Debug|Any CPU = Debug|Any CPU
		Release|Any CPU = Release|Any CPU
	EndGlobalSection
	GlobalSection(ProjectConfigurationPlatforms) = postSolution
		{C041AE61-9692-4389-BCD2-A27864D2CB60}.Debug|Any CPU.ActiveCfg = Debug|Any CPU
		{C041AE61-9692-4389-BCD2-A27864D2CB60}.Debug|Any CPU.Build.0 = Debug|Any CPU
		{C041AE61-9692-4389-BCD2-A27864D2CB60}.Release|Any CPU.ActiveCfg = Release|Any CPU
		{C041AE61-9692-4389-BCD2-A27864D2CB60}.Release|Any CPU.Build.0 = Release|Any CPU
		{3CAA317F-81C5-4D07-AE82-C58CA0A9745D}.Debug|Any CPU.ActiveCfg = Debug|Any CPU
		{3CAA317F-81C5-4D07-AE82-C58CA0A9745D}.Debug|Any CPU.Build.0 = Debug|Any CPU
		{3CAA317F-81C5-4D07-AE82-C58CA0A9745D}.Release|Any CPU.ActiveCfg = Release|Any CPU
		{3CAA317F-81C5-4D07-AE82-C58CA0A9745D}.Release|Any CPU.Build.0 = Release|Any CPU
		{E7E7E77F-9FE0-431E-BDA5-B55101CEE855}.Debug|Any CPU.ActiveCfg = Debug|Any CPU
		{E7E7E77F-9FE0-431E-BDA5-B55101CEE855}.Debug|Any CPU.Build.0 = Debug|Any CPU
		{E7E7E77F-9FE0-431E-BDA5-B55101CEE855}.Release|Any CPU.ActiveCfg = Release|Any CPU
		{E7E7E77F-9FE0-431E-BDA5-B55101CEE855}.Release|Any CPU.Build.0 = Release|Any CPU
		{238AB7BF-87ED-476A-A6E0-A7A41DED3E3E}.Debug|Any CPU.ActiveCfg = Debug|Any CPU
		{238AB7BF-87ED-476A-A6E0-A7A41DED3E3E}.Debug|Any CPU.Build.0 = Debug|Any CPU
		{238AB7BF-87ED-476A-A6E0-A7A41DED3E3E}.Release|Any CPU.ActiveCfg = Release|Any CPU
		{238AB7BF-87ED-476A-A6E0-A7A41DED3E3E}.Release|Any CPU.Build.0 = Release|Any CPU
		{1F14F174-520E-4226-A85E-1244827BA753}.Debug|Any CPU.ActiveCfg = Debug|Any CPU
		{1F14F174-520E-4226-A85E-1244827BA753}.Debug|Any CPU.Build.0 = Debug|Any CPU
		{1F14F174-520E-4226-A85E-1244827BA753}.Release|Any CPU.ActiveCfg = Release|Any CPU
		{1F14F174-520E-4226-A85E-1244827BA753}.Release|Any CPU.Build.0 = Release|Any CPU
		{6420496E-9F2D-40A3-8943-27ECC32207CC}.Debug|Any CPU.ActiveCfg = Debug|Any CPU
		{6420496E-9F2D-40A3-8943-27ECC32207CC}.Debug|Any CPU.Build.0 = Debug|Any CPU
		{6420496E-9F2D-40A3-8943-27ECC32207CC}.Release|Any CPU.ActiveCfg = Release|Any CPU
		{6420496E-9F2D-40A3-8943-27ECC32207CC}.Release|Any CPU.Build.0 = Release|Any CPU
		{1245ED00-46BA-4558-BD30-CDDE6A786E9A}.Debug|Any CPU.ActiveCfg = Debug|Any CPU
		{1245ED00-46BA-4558-BD30-CDDE6A786E9A}.Debug|Any CPU.Build.0 = Debug|Any CPU
		{1245ED00-46BA-4558-BD30-CDDE6A786E9A}.Release|Any CPU.ActiveCfg = Release|Any CPU
		{1245ED00-46BA-4558-BD30-CDDE6A786E9A}.Release|Any CPU.Build.0 = Release|Any CPU
		{FCD87A2A-4C41-4D7F-99E1-51EF73A9E444}.Debug|Any CPU.ActiveCfg = Debug|Any CPU
		{FCD87A2A-4C41-4D7F-99E1-51EF73A9E444}.Debug|Any CPU.Build.0 = Debug|Any CPU
		{FCD87A2A-4C41-4D7F-99E1-51EF73A9E444}.Release|Any CPU.ActiveCfg = Release|Any CPU
		{FCD87A2A-4C41-4D7F-99E1-51EF73A9E444}.Release|Any CPU.Build.0 = Release|Any CPU
		{304AEFE4-BC05-49EE-B31D-B83BFB670FE3}.Debug|Any CPU.ActiveCfg = Debug|Any CPU
		{304AEFE4-BC05-49EE-B31D-B83BFB670FE3}.Debug|Any CPU.Build.0 = Debug|Any CPU
		{304AEFE4-BC05-49EE-B31D-B83BFB670FE3}.Release|Any CPU.ActiveCfg = Release|Any CPU
		{304AEFE4-BC05-49EE-B31D-B83BFB670FE3}.Release|Any CPU.Build.0 = Release|Any CPU
		{140CBB62-BA92-4543-AE0D-F4C66015DDC3}.Debug|Any CPU.ActiveCfg = Debug|Any CPU
		{140CBB62-BA92-4543-AE0D-F4C66015DDC3}.Debug|Any CPU.Build.0 = Debug|Any CPU
		{140CBB62-BA92-4543-AE0D-F4C66015DDC3}.Release|Any CPU.ActiveCfg = Release|Any CPU
		{140CBB62-BA92-4543-AE0D-F4C66015DDC3}.Release|Any CPU.Build.0 = Release|Any CPU
		{AE6E955E-FD96-4EAA-872D-EBB45CA7FA55}.Debug|Any CPU.ActiveCfg = Debug|Any CPU
		{AE6E955E-FD96-4EAA-872D-EBB45CA7FA55}.Debug|Any CPU.Build.0 = Debug|Any CPU
		{AE6E955E-FD96-4EAA-872D-EBB45CA7FA55}.Release|Any CPU.ActiveCfg = Release|Any CPU
		{AE6E955E-FD96-4EAA-872D-EBB45CA7FA55}.Release|Any CPU.Build.0 = Release|Any CPU
		{78EA485B-EE54-4399-9D63-C0B62D19FC5E}.Debug|Any CPU.ActiveCfg = Debug|Any CPU
		{78EA485B-EE54-4399-9D63-C0B62D19FC5E}.Debug|Any CPU.Build.0 = Debug|Any CPU
		{78EA485B-EE54-4399-9D63-C0B62D19FC5E}.Release|Any CPU.ActiveCfg = Release|Any CPU
		{78EA485B-EE54-4399-9D63-C0B62D19FC5E}.Release|Any CPU.Build.0 = Release|Any CPU
		{0E70EE47-CBF5-4593-B50F-67A892967F16}.Debug|Any CPU.ActiveCfg = Debug|Any CPU
		{0E70EE47-CBF5-4593-B50F-67A892967F16}.Debug|Any CPU.Build.0 = Debug|Any CPU
		{0E70EE47-CBF5-4593-B50F-67A892967F16}.Release|Any CPU.ActiveCfg = Release|Any CPU
		{0E70EE47-CBF5-4593-B50F-67A892967F16}.Release|Any CPU.Build.0 = Release|Any CPU
		{F4E8CC02-B82F-4FAF-AB2C-57F0B5FFA610}.Debug|Any CPU.ActiveCfg = Debug|Any CPU
		{F4E8CC02-B82F-4FAF-AB2C-57F0B5FFA610}.Debug|Any CPU.Build.0 = Debug|Any CPU
		{F4E8CC02-B82F-4FAF-AB2C-57F0B5FFA610}.Release|Any CPU.ActiveCfg = Release|Any CPU
		{F4E8CC02-B82F-4FAF-AB2C-57F0B5FFA610}.Release|Any CPU.Build.0 = Release|Any CPU
		{BAD05475-3DFB-4F59-B8C6-AB8D477843BF}.Debug|Any CPU.ActiveCfg = Debug|Any CPU
		{BAD05475-3DFB-4F59-B8C6-AB8D477843BF}.Debug|Any CPU.Build.0 = Debug|Any CPU
		{BAD05475-3DFB-4F59-B8C6-AB8D477843BF}.Release|Any CPU.ActiveCfg = Release|Any CPU
		{BAD05475-3DFB-4F59-B8C6-AB8D477843BF}.Release|Any CPU.Build.0 = Release|Any CPU
		{3B786C37-F8A6-4B86-A6C0-EBECEFC2FE30}.Debug|Any CPU.ActiveCfg = Debug|Any CPU
		{3B786C37-F8A6-4B86-A6C0-EBECEFC2FE30}.Debug|Any CPU.Build.0 = Debug|Any CPU
		{3B786C37-F8A6-4B86-A6C0-EBECEFC2FE30}.Release|Any CPU.ActiveCfg = Release|Any CPU
		{3B786C37-F8A6-4B86-A6C0-EBECEFC2FE30}.Release|Any CPU.Build.0 = Release|Any CPU
		{1056DED9-4135-4B0A-8703-130B2EFD62F6}.Debug|Any CPU.ActiveCfg = Debug|Any CPU
		{1056DED9-4135-4B0A-8703-130B2EFD62F6}.Debug|Any CPU.Build.0 = Debug|Any CPU
		{1056DED9-4135-4B0A-8703-130B2EFD62F6}.Release|Any CPU.ActiveCfg = Release|Any CPU
		{1056DED9-4135-4B0A-8703-130B2EFD62F6}.Release|Any CPU.Build.0 = Release|Any CPU
		{1050F53E-FA15-4D39-A7C6-DFF8F8663C8D}.Debug|Any CPU.ActiveCfg = Debug|Any CPU
		{1050F53E-FA15-4D39-A7C6-DFF8F8663C8D}.Debug|Any CPU.Build.0 = Debug|Any CPU
		{1050F53E-FA15-4D39-A7C6-DFF8F8663C8D}.Release|Any CPU.ActiveCfg = Release|Any CPU
		{1050F53E-FA15-4D39-A7C6-DFF8F8663C8D}.Release|Any CPU.Build.0 = Release|Any CPU
	EndGlobalSection
	GlobalSection(SolutionProperties) = preSolution
		HideSolutionNode = FALSE
	EndGlobalSection
	GlobalSection(NestedProjects) = preSolution
		{C041AE61-9692-4389-BCD2-A27864D2CB60} = {9798F4FD-9C17-4B75-BEF1-3C1292D8DC45}
		{3CAA317F-81C5-4D07-AE82-C58CA0A9745D} = {9798F4FD-9C17-4B75-BEF1-3C1292D8DC45}
		{E7E7E77F-9FE0-431E-BDA5-B55101CEE855} = {9798F4FD-9C17-4B75-BEF1-3C1292D8DC45}
		{238AB7BF-87ED-476A-A6E0-A7A41DED3E3E} = {9798F4FD-9C17-4B75-BEF1-3C1292D8DC45}
		{1F14F174-520E-4226-A85E-1244827BA753} = {667E6250-A836-4C17-A4DC-6CE26AF19193}
		{6420496E-9F2D-40A3-8943-27ECC32207CC} = {9798F4FD-9C17-4B75-BEF1-3C1292D8DC45}
		{1245ED00-46BA-4558-BD30-CDDE6A786E9A} = {4152F193-C8B4-41D9-96DE-6DDE23EBD42A}
		{FCD87A2A-4C41-4D7F-99E1-51EF73A9E444} = {667E6250-A836-4C17-A4DC-6CE26AF19193}
		{304AEFE4-BC05-49EE-B31D-B83BFB670FE3} = {667E6250-A836-4C17-A4DC-6CE26AF19193}
		{140CBB62-BA92-4543-AE0D-F4C66015DDC3} = {4152F193-C8B4-41D9-96DE-6DDE23EBD42A}
		{AE6E955E-FD96-4EAA-872D-EBB45CA7FA55} = {9798F4FD-9C17-4B75-BEF1-3C1292D8DC45}
		{78EA485B-EE54-4399-9D63-C0B62D19FC5E} = {667E6250-A836-4C17-A4DC-6CE26AF19193}
		{0E70EE47-CBF5-4593-B50F-67A892967F16} = {667E6250-A836-4C17-A4DC-6CE26AF19193}
		{F4E8CC02-B82F-4FAF-AB2C-57F0B5FFA610} = {4152F193-C8B4-41D9-96DE-6DDE23EBD42A}
		{BAD05475-3DFB-4F59-B8C6-AB8D477843BF} = {4152F193-C8B4-41D9-96DE-6DDE23EBD42A}
		{3B786C37-F8A6-4B86-A6C0-EBECEFC2FE30} = {667E6250-A836-4C17-A4DC-6CE26AF19193}
		{1056DED9-4135-4B0A-8703-130B2EFD62F6} = {4152F193-C8B4-41D9-96DE-6DDE23EBD42A}
	EndGlobalSection
EndGlobal
