
Microsoft Visual Studio Solution File, Format Version 12.00
# Visual Studio 15
VisualStudioVersion = 15.0.26430.16
MinimumVisualStudioVersion = 10.0.40219.1
Project("{FAE04EC0-301F-11D3-BF4B-00C04F79EFBC}") = "ReCommon", "ReCommon\ReCommon.csproj", "{C041AE61-9692-4389-BCD2-A27864D2CB60}"
EndProject
Project("{FAE04EC0-301F-11D3-BF4B-00C04F79EFBC}") = "SqlHelper", "SqlCommon\SqlHelper.csproj", "{3CAA317F-81C5-4D07-AE82-C58CA0A9745D}"
EndProject
Project("{FAE04EC0-301F-11D3-BF4B-00C04F79EFBC}") = "SMSCode", "SMSCode\SMSCode.csproj", "{238AB7BF-87ED-476A-A6E0-A7A41DED3E3E}"
EndProject
Project("{FAE04EC0-301F-11D3-BF4B-00C04F79EFBC}") = "Verification", "Verification\Verification.csproj", "{6420496E-9F2D-40A3-8943-27ECC32207CC}"
EndProject
Project("{FAE04EC0-301F-11D3-BF4B-00C04F79EFBC}") = "AppModel", "AppModel\AppModel.csproj", "{1245ED00-46BA-4558-BD30-CDDE6A786E9A}"
EndProject
Project("{FAE04EC0-301F-11D3-BF4B-00C04F79EFBC}") = "OperationPlatformApi", "OperationPlatformApi\OperationPlatformApi.csproj", "{FCD87A2A-4C41-4D7F-99E1-51EF73A9E444}"
EndProject
Project("{FAE04EC0-301F-11D3-BF4B-00C04F79EFBC}") = "AppWebApi", "AppWebApi\AppWebApi.csproj", "{304AEFE4-BC05-49EE-B31D-B83BFB670FE3}"
EndProject
Project("{FAE04EC0-301F-11D3-BF4B-00C04F79EFBC}") = "OperationPlatformModel", "OperationPlatformModel\OperationPlatformModel.csproj", "{140CBB62-BA92-4543-AE0D-F4C66015DDC3}"
EndProject
Project("{FAE04EC0-301F-11D3-BF4B-00C04F79EFBC}") = "RedisAPI", "RedisApi\RedisAPI.csproj", "{78EA485B-EE54-4399-9D63-C0B62D19FC5E}"
EndProject
Project("{FAE04EC0-301F-11D3-BF4B-00C04F79EFBC}") = "SMSCodeAPI", "SMSCodeAPI\SMSCodeAPI.csproj", "{0E70EE47-CBF5-4593-B50F-67A892967F16}"
EndProject
Project("{2150E333-8FDC-42A3-9474-1A3956D46DE8}") = "Model", "Model", "{4152F193-C8B4-41D9-96DE-6DDE23EBD42A}"
EndProject
Project("{2150E333-8FDC-42A3-9474-1A3956D46DE8}") = "API", "API", "{667E6250-A836-4C17-A4DC-6CE26AF19193}"
EndProject
Project("{2150E333-8FDC-42A3-9474-1A3956D46DE8}") = "Common", "Common", "{9798F4FD-9C17-4B75-BEF1-3C1292D8DC45}"
EndProject
Project("{FAE04EC0-301F-11D3-BF4B-00C04F79EFBC}") = "RedisModel", "RedisModel\RedisModel.csproj", "{F4E8CC02-B82F-4FAF-AB2C-57F0B5FFA610}"
EndProject
Project("{FAE04EC0-301F-11D3-BF4B-00C04F79EFBC}") = "MerchantModel", "MerchantModel\MerchantModel.csproj", "{BAD05475-3DFB-4F59-B8C6-AB8D477843BF}"
EndProject
Project("{FAE04EC0-301F-11D3-BF4B-00C04F79EFBC}") = "MerchantPlatformApi", "MerchantPlatformApi\MerchantPlatformApi.csproj", "{3B786C37-F8A6-4B86-A6C0-EBECEFC2FE30}"
EndProject
Project("{FAE04EC0-301F-11D3-BF4B-00C04F79EFBC}") = "PayManageMentModel", "PayManageModel\PayManageMentModel.csproj", "{1056DED9-4135-4B0A-8703-130B2EFD62F6}"
EndProject
Project("{FAE04EC0-301F-11D3-BF4B-00C04F79EFBC}") = "PayMentManageApi", "PayMentManageApi\PayMentManageApi.csproj", "{1050F53E-FA15-4D39-A7C6-DFF8F8663C8D}"
EndProject
Project("{FAE04EC0-301F-11D3-BF4B-00C04F79EFBC}") = "FileStreamHelper", "FileStreamHelper\FileStreamHelper.csproj", "{270AA892-6D28-414C-A576-E15C6D3DF1E3}"
EndProject
Project("{FAE04EC0-301F-11D3-BF4B-00C04F79EFBC}") = "AppBLL", "AppBLL\AppBLL.csproj", "{A120386A-18A8-4781-8D2C-FAE524AFA152}"
EndProject
Project("{2150E333-8FDC-42A3-9474-1A3956D46DE8}") = "BLL", "BLL", "{A60F4B98-0001-426E-A248-CAAE7F00246B}"
EndProject
Project("{FAE04EC0-301F-11D3-BF4B-00C04F79EFBC}") = "ImgUploadApi", "ImgUploadApi\ImgUploadApi.csproj", "{096D6556-2F66-4D70-8D18-951650BC843F}"
EndProject
Project("{FAE04EC0-301F-11D3-BF4B-00C04F79EFBC}") = "ImageModel", "ImageModel\ImageModel.csproj", "{50EDF8BD-3525-4B14-B170-2AE564DF3548}"
EndProject
Project("{FAE04EC0-301F-11D3-BF4B-00C04F79EFBC}") = "RedisHelper", "Redis\RedisHelper.csproj", "{E7E7E77F-9FE0-431E-BDA5-B55101CEE855}"
EndProject
Project("{FAE04EC0-301F-11D3-BF4B-00C04F79EFBC}") = "ObjectModel", "ObjectBaseModel\ObjectModel.csproj", "{F937483A-DA36-48A3-8E4C-1823131BAAA9}"
EndProject
Project("{FAE04EC0-301F-11D3-BF4B-00C04F79EFBC}") = "Restrict", "Restrict\Restrict.csproj", "{B9343BCA-257F-434A-ABD1-11F251ABAC48}"
EndProject
Global
	GlobalSection(SolutionConfigurationPlatforms) = preSolution
		Debug|Any CPU = Debug|Any CPU
		Debug|ARM = Debug|ARM
		Debug|x64 = Debug|x64
		Debug|x86 = Debug|x86
		Release|Any CPU = Release|Any CPU
		Release|ARM = Release|ARM
		Release|x64 = Release|x64
		Release|x86 = Release|x86
	EndGlobalSection
	GlobalSection(ProjectConfigurationPlatforms) = postSolution
		{C041AE61-9692-4389-BCD2-A27864D2CB60}.Debug|Any CPU.ActiveCfg = Debug|Any CPU
		{C041AE61-9692-4389-BCD2-A27864D2CB60}.Debug|Any CPU.Build.0 = Debug|Any CPU
		{C041AE61-9692-4389-BCD2-A27864D2CB60}.Debug|ARM.ActiveCfg = Debug|Any CPU
		{C041AE61-9692-4389-BCD2-A27864D2CB60}.Debug|ARM.Build.0 = Debug|Any CPU
		{C041AE61-9692-4389-BCD2-A27864D2CB60}.Debug|x64.ActiveCfg = Debug|Any CPU
		{C041AE61-9692-4389-BCD2-A27864D2CB60}.Debug|x64.Build.0 = Debug|Any CPU
		{C041AE61-9692-4389-BCD2-A27864D2CB60}.Debug|x86.ActiveCfg = Debug|Any CPU
		{C041AE61-9692-4389-BCD2-A27864D2CB60}.Debug|x86.Build.0 = Debug|Any CPU
		{C041AE61-9692-4389-BCD2-A27864D2CB60}.Release|Any CPU.ActiveCfg = Release|Any CPU
		{C041AE61-9692-4389-BCD2-A27864D2CB60}.Release|Any CPU.Build.0 = Release|Any CPU
		{C041AE61-9692-4389-BCD2-A27864D2CB60}.Release|ARM.ActiveCfg = Release|Any CPU
		{C041AE61-9692-4389-BCD2-A27864D2CB60}.Release|ARM.Build.0 = Release|Any CPU
		{C041AE61-9692-4389-BCD2-A27864D2CB60}.Release|x64.ActiveCfg = Release|Any CPU
		{C041AE61-9692-4389-BCD2-A27864D2CB60}.Release|x64.Build.0 = Release|Any CPU
		{C041AE61-9692-4389-BCD2-A27864D2CB60}.Release|x86.ActiveCfg = Release|Any CPU
		{C041AE61-9692-4389-BCD2-A27864D2CB60}.Release|x86.Build.0 = Release|Any CPU
		{3CAA317F-81C5-4D07-AE82-C58CA0A9745D}.Debug|Any CPU.ActiveCfg = Debug|Any CPU
		{3CAA317F-81C5-4D07-AE82-C58CA0A9745D}.Debug|Any CPU.Build.0 = Debug|Any CPU
		{3CAA317F-81C5-4D07-AE82-C58CA0A9745D}.Debug|ARM.ActiveCfg = Debug|Any CPU
		{3CAA317F-81C5-4D07-AE82-C58CA0A9745D}.Debug|ARM.Build.0 = Debug|Any CPU
		{3CAA317F-81C5-4D07-AE82-C58CA0A9745D}.Debug|x64.ActiveCfg = Debug|Any CPU
		{3CAA317F-81C5-4D07-AE82-C58CA0A9745D}.Debug|x64.Build.0 = Debug|Any CPU
		{3CAA317F-81C5-4D07-AE82-C58CA0A9745D}.Debug|x86.ActiveCfg = Debug|Any CPU
		{3CAA317F-81C5-4D07-AE82-C58CA0A9745D}.Debug|x86.Build.0 = Debug|Any CPU
		{3CAA317F-81C5-4D07-AE82-C58CA0A9745D}.Release|Any CPU.ActiveCfg = Release|Any CPU
		{3CAA317F-81C5-4D07-AE82-C58CA0A9745D}.Release|Any CPU.Build.0 = Release|Any CPU
		{3CAA317F-81C5-4D07-AE82-C58CA0A9745D}.Release|ARM.ActiveCfg = Release|Any CPU
		{3CAA317F-81C5-4D07-AE82-C58CA0A9745D}.Release|ARM.Build.0 = Release|Any CPU
		{3CAA317F-81C5-4D07-AE82-C58CA0A9745D}.Release|x64.ActiveCfg = Release|Any CPU
		{3CAA317F-81C5-4D07-AE82-C58CA0A9745D}.Release|x64.Build.0 = Release|Any CPU
		{3CAA317F-81C5-4D07-AE82-C58CA0A9745D}.Release|x86.ActiveCfg = Release|Any CPU
		{3CAA317F-81C5-4D07-AE82-C58CA0A9745D}.Release|x86.Build.0 = Release|Any CPU
		{238AB7BF-87ED-476A-A6E0-A7A41DED3E3E}.Debug|Any CPU.ActiveCfg = Debug|Any CPU
		{238AB7BF-87ED-476A-A6E0-A7A41DED3E3E}.Debug|Any CPU.Build.0 = Debug|Any CPU
		{238AB7BF-87ED-476A-A6E0-A7A41DED3E3E}.Debug|ARM.ActiveCfg = Debug|Any CPU
		{238AB7BF-87ED-476A-A6E0-A7A41DED3E3E}.Debug|ARM.Build.0 = Debug|Any CPU
		{238AB7BF-87ED-476A-A6E0-A7A41DED3E3E}.Debug|x64.ActiveCfg = Debug|Any CPU
		{238AB7BF-87ED-476A-A6E0-A7A41DED3E3E}.Debug|x64.Build.0 = Debug|Any CPU
		{238AB7BF-87ED-476A-A6E0-A7A41DED3E3E}.Debug|x86.ActiveCfg = Debug|Any CPU
		{238AB7BF-87ED-476A-A6E0-A7A41DED3E3E}.Debug|x86.Build.0 = Debug|Any CPU
		{238AB7BF-87ED-476A-A6E0-A7A41DED3E3E}.Release|Any CPU.ActiveCfg = Release|Any CPU
		{238AB7BF-87ED-476A-A6E0-A7A41DED3E3E}.Release|Any CPU.Build.0 = Release|Any CPU
		{238AB7BF-87ED-476A-A6E0-A7A41DED3E3E}.Release|ARM.ActiveCfg = Release|Any CPU
		{238AB7BF-87ED-476A-A6E0-A7A41DED3E3E}.Release|ARM.Build.0 = Release|Any CPU
		{238AB7BF-87ED-476A-A6E0-A7A41DED3E3E}.Release|x64.ActiveCfg = Release|Any CPU
		{238AB7BF-87ED-476A-A6E0-A7A41DED3E3E}.Release|x64.Build.0 = Release|Any CPU
		{238AB7BF-87ED-476A-A6E0-A7A41DED3E3E}.Release|x86.ActiveCfg = Release|Any CPU
		{238AB7BF-87ED-476A-A6E0-A7A41DED3E3E}.Release|x86.Build.0 = Release|Any CPU
		{6420496E-9F2D-40A3-8943-27ECC32207CC}.Debug|Any CPU.ActiveCfg = Debug|Any CPU
		{6420496E-9F2D-40A3-8943-27ECC32207CC}.Debug|Any CPU.Build.0 = Debug|Any CPU
		{6420496E-9F2D-40A3-8943-27ECC32207CC}.Debug|ARM.ActiveCfg = Debug|Any CPU
		{6420496E-9F2D-40A3-8943-27ECC32207CC}.Debug|ARM.Build.0 = Debug|Any CPU
		{6420496E-9F2D-40A3-8943-27ECC32207CC}.Debug|x64.ActiveCfg = Debug|Any CPU
		{6420496E-9F2D-40A3-8943-27ECC32207CC}.Debug|x64.Build.0 = Debug|Any CPU
		{6420496E-9F2D-40A3-8943-27ECC32207CC}.Debug|x86.ActiveCfg = Debug|Any CPU
		{6420496E-9F2D-40A3-8943-27ECC32207CC}.Debug|x86.Build.0 = Debug|Any CPU
		{6420496E-9F2D-40A3-8943-27ECC32207CC}.Release|Any CPU.ActiveCfg = Release|Any CPU
		{6420496E-9F2D-40A3-8943-27ECC32207CC}.Release|Any CPU.Build.0 = Release|Any CPU
		{6420496E-9F2D-40A3-8943-27ECC32207CC}.Release|ARM.ActiveCfg = Release|Any CPU
		{6420496E-9F2D-40A3-8943-27ECC32207CC}.Release|ARM.Build.0 = Release|Any CPU
		{6420496E-9F2D-40A3-8943-27ECC32207CC}.Release|x64.ActiveCfg = Release|Any CPU
		{6420496E-9F2D-40A3-8943-27ECC32207CC}.Release|x64.Build.0 = Release|Any CPU
		{6420496E-9F2D-40A3-8943-27ECC32207CC}.Release|x86.ActiveCfg = Release|Any CPU
		{6420496E-9F2D-40A3-8943-27ECC32207CC}.Release|x86.Build.0 = Release|Any CPU
		{1245ED00-46BA-4558-BD30-CDDE6A786E9A}.Debug|Any CPU.ActiveCfg = Debug|Any CPU
		{1245ED00-46BA-4558-BD30-CDDE6A786E9A}.Debug|Any CPU.Build.0 = Debug|Any CPU
		{1245ED00-46BA-4558-BD30-CDDE6A786E9A}.Debug|ARM.ActiveCfg = Debug|Any CPU
		{1245ED00-46BA-4558-BD30-CDDE6A786E9A}.Debug|ARM.Build.0 = Debug|Any CPU
		{1245ED00-46BA-4558-BD30-CDDE6A786E9A}.Debug|x64.ActiveCfg = Debug|Any CPU
		{1245ED00-46BA-4558-BD30-CDDE6A786E9A}.Debug|x64.Build.0 = Debug|Any CPU
		{1245ED00-46BA-4558-BD30-CDDE6A786E9A}.Debug|x86.ActiveCfg = Debug|Any CPU
		{1245ED00-46BA-4558-BD30-CDDE6A786E9A}.Debug|x86.Build.0 = Debug|Any CPU
		{1245ED00-46BA-4558-BD30-CDDE6A786E9A}.Release|Any CPU.ActiveCfg = Release|Any CPU
		{1245ED00-46BA-4558-BD30-CDDE6A786E9A}.Release|Any CPU.Build.0 = Release|Any CPU
		{1245ED00-46BA-4558-BD30-CDDE6A786E9A}.Release|ARM.ActiveCfg = Release|Any CPU
		{1245ED00-46BA-4558-BD30-CDDE6A786E9A}.Release|ARM.Build.0 = Release|Any CPU
		{1245ED00-46BA-4558-BD30-CDDE6A786E9A}.Release|x64.ActiveCfg = Release|Any CPU
		{1245ED00-46BA-4558-BD30-CDDE6A786E9A}.Release|x64.Build.0 = Release|Any CPU
		{1245ED00-46BA-4558-BD30-CDDE6A786E9A}.Release|x86.ActiveCfg = Release|Any CPU
		{1245ED00-46BA-4558-BD30-CDDE6A786E9A}.Release|x86.Build.0 = Release|Any CPU
		{FCD87A2A-4C41-4D7F-99E1-51EF73A9E444}.Debug|Any CPU.ActiveCfg = Debug|Any CPU
		{FCD87A2A-4C41-4D7F-99E1-51EF73A9E444}.Debug|Any CPU.Build.0 = Debug|Any CPU
		{FCD87A2A-4C41-4D7F-99E1-51EF73A9E444}.Debug|ARM.ActiveCfg = Debug|Any CPU
		{FCD87A2A-4C41-4D7F-99E1-51EF73A9E444}.Debug|ARM.Build.0 = Debug|Any CPU
		{FCD87A2A-4C41-4D7F-99E1-51EF73A9E444}.Debug|x64.ActiveCfg = Debug|Any CPU
		{FCD87A2A-4C41-4D7F-99E1-51EF73A9E444}.Debug|x64.Build.0 = Debug|Any CPU
		{FCD87A2A-4C41-4D7F-99E1-51EF73A9E444}.Debug|x86.ActiveCfg = Debug|Any CPU
		{FCD87A2A-4C41-4D7F-99E1-51EF73A9E444}.Debug|x86.Build.0 = Debug|Any CPU
		{FCD87A2A-4C41-4D7F-99E1-51EF73A9E444}.Release|Any CPU.ActiveCfg = Release|Any CPU
		{FCD87A2A-4C41-4D7F-99E1-51EF73A9E444}.Release|Any CPU.Build.0 = Release|Any CPU
		{FCD87A2A-4C41-4D7F-99E1-51EF73A9E444}.Release|ARM.ActiveCfg = Release|Any CPU
		{FCD87A2A-4C41-4D7F-99E1-51EF73A9E444}.Release|ARM.Build.0 = Release|Any CPU
		{FCD87A2A-4C41-4D7F-99E1-51EF73A9E444}.Release|x64.ActiveCfg = Release|Any CPU
		{FCD87A2A-4C41-4D7F-99E1-51EF73A9E444}.Release|x64.Build.0 = Release|Any CPU
		{FCD87A2A-4C41-4D7F-99E1-51EF73A9E444}.Release|x86.ActiveCfg = Release|Any CPU
		{FCD87A2A-4C41-4D7F-99E1-51EF73A9E444}.Release|x86.Build.0 = Release|Any CPU
		{304AEFE4-BC05-49EE-B31D-B83BFB670FE3}.Debug|Any CPU.ActiveCfg = Debug|Any CPU
		{304AEFE4-BC05-49EE-B31D-B83BFB670FE3}.Debug|Any CPU.Build.0 = Debug|Any CPU
		{304AEFE4-BC05-49EE-B31D-B83BFB670FE3}.Debug|ARM.ActiveCfg = Debug|Any CPU
		{304AEFE4-BC05-49EE-B31D-B83BFB670FE3}.Debug|ARM.Build.0 = Debug|Any CPU
		{304AEFE4-BC05-49EE-B31D-B83BFB670FE3}.Debug|x64.ActiveCfg = Debug|Any CPU
		{304AEFE4-BC05-49EE-B31D-B83BFB670FE3}.Debug|x64.Build.0 = Debug|Any CPU
		{304AEFE4-BC05-49EE-B31D-B83BFB670FE3}.Debug|x86.ActiveCfg = Debug|Any CPU
		{304AEFE4-BC05-49EE-B31D-B83BFB670FE3}.Debug|x86.Build.0 = Debug|Any CPU
		{304AEFE4-BC05-49EE-B31D-B83BFB670FE3}.Release|Any CPU.ActiveCfg = Release|Any CPU
		{304AEFE4-BC05-49EE-B31D-B83BFB670FE3}.Release|Any CPU.Build.0 = Release|Any CPU
		{304AEFE4-BC05-49EE-B31D-B83BFB670FE3}.Release|ARM.ActiveCfg = Release|Any CPU
		{304AEFE4-BC05-49EE-B31D-B83BFB670FE3}.Release|ARM.Build.0 = Release|Any CPU
		{304AEFE4-BC05-49EE-B31D-B83BFB670FE3}.Release|x64.ActiveCfg = Release|Any CPU
		{304AEFE4-BC05-49EE-B31D-B83BFB670FE3}.Release|x64.Build.0 = Release|Any CPU
		{304AEFE4-BC05-49EE-B31D-B83BFB670FE3}.Release|x86.ActiveCfg = Release|Any CPU
		{304AEFE4-BC05-49EE-B31D-B83BFB670FE3}.Release|x86.Build.0 = Release|Any CPU
		{140CBB62-BA92-4543-AE0D-F4C66015DDC3}.Debug|Any CPU.ActiveCfg = Debug|Any CPU
		{140CBB62-BA92-4543-AE0D-F4C66015DDC3}.Debug|Any CPU.Build.0 = Debug|Any CPU
		{140CBB62-BA92-4543-AE0D-F4C66015DDC3}.Debug|ARM.ActiveCfg = Debug|Any CPU
		{140CBB62-BA92-4543-AE0D-F4C66015DDC3}.Debug|ARM.Build.0 = Debug|Any CPU
		{140CBB62-BA92-4543-AE0D-F4C66015DDC3}.Debug|x64.ActiveCfg = Debug|Any CPU
		{140CBB62-BA92-4543-AE0D-F4C66015DDC3}.Debug|x64.Build.0 = Debug|Any CPU
		{140CBB62-BA92-4543-AE0D-F4C66015DDC3}.Debug|x86.ActiveCfg = Debug|Any CPU
		{140CBB62-BA92-4543-AE0D-F4C66015DDC3}.Debug|x86.Build.0 = Debug|Any CPU
		{140CBB62-BA92-4543-AE0D-F4C66015DDC3}.Release|Any CPU.ActiveCfg = Release|Any CPU
		{140CBB62-BA92-4543-AE0D-F4C66015DDC3}.Release|Any CPU.Build.0 = Release|Any CPU
		{140CBB62-BA92-4543-AE0D-F4C66015DDC3}.Release|ARM.ActiveCfg = Release|Any CPU
		{140CBB62-BA92-4543-AE0D-F4C66015DDC3}.Release|ARM.Build.0 = Release|Any CPU
		{140CBB62-BA92-4543-AE0D-F4C66015DDC3}.Release|x64.ActiveCfg = Release|Any CPU
		{140CBB62-BA92-4543-AE0D-F4C66015DDC3}.Release|x64.Build.0 = Release|Any CPU
		{140CBB62-BA92-4543-AE0D-F4C66015DDC3}.Release|x86.ActiveCfg = Release|Any CPU
		{140CBB62-BA92-4543-AE0D-F4C66015DDC3}.Release|x86.Build.0 = Release|Any CPU
		{78EA485B-EE54-4399-9D63-C0B62D19FC5E}.Debug|Any CPU.ActiveCfg = Debug|Any CPU
		{78EA485B-EE54-4399-9D63-C0B62D19FC5E}.Debug|Any CPU.Build.0 = Debug|Any CPU
		{78EA485B-EE54-4399-9D63-C0B62D19FC5E}.Debug|ARM.ActiveCfg = Debug|Any CPU
		{78EA485B-EE54-4399-9D63-C0B62D19FC5E}.Debug|ARM.Build.0 = Debug|Any CPU
		{78EA485B-EE54-4399-9D63-C0B62D19FC5E}.Debug|x64.ActiveCfg = Debug|Any CPU
		{78EA485B-EE54-4399-9D63-C0B62D19FC5E}.Debug|x64.Build.0 = Debug|Any CPU
		{78EA485B-EE54-4399-9D63-C0B62D19FC5E}.Debug|x86.ActiveCfg = Debug|Any CPU
		{78EA485B-EE54-4399-9D63-C0B62D19FC5E}.Debug|x86.Build.0 = Debug|Any CPU
		{78EA485B-EE54-4399-9D63-C0B62D19FC5E}.Release|Any CPU.ActiveCfg = Release|Any CPU
		{78EA485B-EE54-4399-9D63-C0B62D19FC5E}.Release|Any CPU.Build.0 = Release|Any CPU
		{78EA485B-EE54-4399-9D63-C0B62D19FC5E}.Release|ARM.ActiveCfg = Release|Any CPU
		{78EA485B-EE54-4399-9D63-C0B62D19FC5E}.Release|ARM.Build.0 = Release|Any CPU
		{78EA485B-EE54-4399-9D63-C0B62D19FC5E}.Release|x64.ActiveCfg = Release|Any CPU
		{78EA485B-EE54-4399-9D63-C0B62D19FC5E}.Release|x64.Build.0 = Release|Any CPU
		{78EA485B-EE54-4399-9D63-C0B62D19FC5E}.Release|x86.ActiveCfg = Release|Any CPU
		{78EA485B-EE54-4399-9D63-C0B62D19FC5E}.Release|x86.Build.0 = Release|Any CPU
		{0E70EE47-CBF5-4593-B50F-67A892967F16}.Debug|Any CPU.ActiveCfg = Debug|Any CPU
		{0E70EE47-CBF5-4593-B50F-67A892967F16}.Debug|Any CPU.Build.0 = Debug|Any CPU
		{0E70EE47-CBF5-4593-B50F-67A892967F16}.Debug|ARM.ActiveCfg = Debug|Any CPU
		{0E70EE47-CBF5-4593-B50F-67A892967F16}.Debug|ARM.Build.0 = Debug|Any CPU
		{0E70EE47-CBF5-4593-B50F-67A892967F16}.Debug|x64.ActiveCfg = Debug|Any CPU
		{0E70EE47-CBF5-4593-B50F-67A892967F16}.Debug|x64.Build.0 = Debug|Any CPU
		{0E70EE47-CBF5-4593-B50F-67A892967F16}.Debug|x86.ActiveCfg = Debug|Any CPU
		{0E70EE47-CBF5-4593-B50F-67A892967F16}.Debug|x86.Build.0 = Debug|Any CPU
		{0E70EE47-CBF5-4593-B50F-67A892967F16}.Release|Any CPU.ActiveCfg = Release|Any CPU
		{0E70EE47-CBF5-4593-B50F-67A892967F16}.Release|Any CPU.Build.0 = Release|Any CPU
		{0E70EE47-CBF5-4593-B50F-67A892967F16}.Release|ARM.ActiveCfg = Release|Any CPU
		{0E70EE47-CBF5-4593-B50F-67A892967F16}.Release|ARM.Build.0 = Release|Any CPU
		{0E70EE47-CBF5-4593-B50F-67A892967F16}.Release|x64.ActiveCfg = Release|Any CPU
		{0E70EE47-CBF5-4593-B50F-67A892967F16}.Release|x64.Build.0 = Release|Any CPU
		{0E70EE47-CBF5-4593-B50F-67A892967F16}.Release|x86.ActiveCfg = Release|Any CPU
		{0E70EE47-CBF5-4593-B50F-67A892967F16}.Release|x86.Build.0 = Release|Any CPU
		{F4E8CC02-B82F-4FAF-AB2C-57F0B5FFA610}.Debug|Any CPU.ActiveCfg = Debug|Any CPU
		{F4E8CC02-B82F-4FAF-AB2C-57F0B5FFA610}.Debug|Any CPU.Build.0 = Debug|Any CPU
		{F4E8CC02-B82F-4FAF-AB2C-57F0B5FFA610}.Debug|ARM.ActiveCfg = Debug|Any CPU
		{F4E8CC02-B82F-4FAF-AB2C-57F0B5FFA610}.Debug|ARM.Build.0 = Debug|Any CPU
		{F4E8CC02-B82F-4FAF-AB2C-57F0B5FFA610}.Debug|x64.ActiveCfg = Debug|Any CPU
		{F4E8CC02-B82F-4FAF-AB2C-57F0B5FFA610}.Debug|x64.Build.0 = Debug|Any CPU
		{F4E8CC02-B82F-4FAF-AB2C-57F0B5FFA610}.Debug|x86.ActiveCfg = Debug|Any CPU
		{F4E8CC02-B82F-4FAF-AB2C-57F0B5FFA610}.Debug|x86.Build.0 = Debug|Any CPU
		{F4E8CC02-B82F-4FAF-AB2C-57F0B5FFA610}.Release|Any CPU.ActiveCfg = Release|Any CPU
		{F4E8CC02-B82F-4FAF-AB2C-57F0B5FFA610}.Release|Any CPU.Build.0 = Release|Any CPU
		{F4E8CC02-B82F-4FAF-AB2C-57F0B5FFA610}.Release|ARM.ActiveCfg = Release|Any CPU
		{F4E8CC02-B82F-4FAF-AB2C-57F0B5FFA610}.Release|ARM.Build.0 = Release|Any CPU
		{F4E8CC02-B82F-4FAF-AB2C-57F0B5FFA610}.Release|x64.ActiveCfg = Release|Any CPU
		{F4E8CC02-B82F-4FAF-AB2C-57F0B5FFA610}.Release|x64.Build.0 = Release|Any CPU
		{F4E8CC02-B82F-4FAF-AB2C-57F0B5FFA610}.Release|x86.ActiveCfg = Release|Any CPU
		{F4E8CC02-B82F-4FAF-AB2C-57F0B5FFA610}.Release|x86.Build.0 = Release|Any CPU
		{BAD05475-3DFB-4F59-B8C6-AB8D477843BF}.Debug|Any CPU.ActiveCfg = Debug|Any CPU
		{BAD05475-3DFB-4F59-B8C6-AB8D477843BF}.Debug|Any CPU.Build.0 = Debug|Any CPU
		{BAD05475-3DFB-4F59-B8C6-AB8D477843BF}.Debug|ARM.ActiveCfg = Debug|Any CPU
		{BAD05475-3DFB-4F59-B8C6-AB8D477843BF}.Debug|ARM.Build.0 = Debug|Any CPU
		{BAD05475-3DFB-4F59-B8C6-AB8D477843BF}.Debug|x64.ActiveCfg = Debug|Any CPU
		{BAD05475-3DFB-4F59-B8C6-AB8D477843BF}.Debug|x64.Build.0 = Debug|Any CPU
		{BAD05475-3DFB-4F59-B8C6-AB8D477843BF}.Debug|x86.ActiveCfg = Debug|Any CPU
		{BAD05475-3DFB-4F59-B8C6-AB8D477843BF}.Debug|x86.Build.0 = Debug|Any CPU
		{BAD05475-3DFB-4F59-B8C6-AB8D477843BF}.Release|Any CPU.ActiveCfg = Release|Any CPU
		{BAD05475-3DFB-4F59-B8C6-AB8D477843BF}.Release|Any CPU.Build.0 = Release|Any CPU
		{BAD05475-3DFB-4F59-B8C6-AB8D477843BF}.Release|ARM.ActiveCfg = Release|Any CPU
		{BAD05475-3DFB-4F59-B8C6-AB8D477843BF}.Release|ARM.Build.0 = Release|Any CPU
		{BAD05475-3DFB-4F59-B8C6-AB8D477843BF}.Release|x64.ActiveCfg = Release|Any CPU
		{BAD05475-3DFB-4F59-B8C6-AB8D477843BF}.Release|x64.Build.0 = Release|Any CPU
		{BAD05475-3DFB-4F59-B8C6-AB8D477843BF}.Release|x86.ActiveCfg = Release|Any CPU
		{BAD05475-3DFB-4F59-B8C6-AB8D477843BF}.Release|x86.Build.0 = Release|Any CPU
		{3B786C37-F8A6-4B86-A6C0-EBECEFC2FE30}.Debug|Any CPU.ActiveCfg = Debug|Any CPU
		{3B786C37-F8A6-4B86-A6C0-EBECEFC2FE30}.Debug|Any CPU.Build.0 = Debug|Any CPU
		{3B786C37-F8A6-4B86-A6C0-EBECEFC2FE30}.Debug|ARM.ActiveCfg = Debug|Any CPU
		{3B786C37-F8A6-4B86-A6C0-EBECEFC2FE30}.Debug|ARM.Build.0 = Debug|Any CPU
		{3B786C37-F8A6-4B86-A6C0-EBECEFC2FE30}.Debug|x64.ActiveCfg = Debug|Any CPU
		{3B786C37-F8A6-4B86-A6C0-EBECEFC2FE30}.Debug|x64.Build.0 = Debug|Any CPU
		{3B786C37-F8A6-4B86-A6C0-EBECEFC2FE30}.Debug|x86.ActiveCfg = Debug|Any CPU
		{3B786C37-F8A6-4B86-A6C0-EBECEFC2FE30}.Debug|x86.Build.0 = Debug|Any CPU
		{3B786C37-F8A6-4B86-A6C0-EBECEFC2FE30}.Release|Any CPU.ActiveCfg = Release|Any CPU
		{3B786C37-F8A6-4B86-A6C0-EBECEFC2FE30}.Release|Any CPU.Build.0 = Release|Any CPU
		{3B786C37-F8A6-4B86-A6C0-EBECEFC2FE30}.Release|ARM.ActiveCfg = Release|Any CPU
		{3B786C37-F8A6-4B86-A6C0-EBECEFC2FE30}.Release|ARM.Build.0 = Release|Any CPU
		{3B786C37-F8A6-4B86-A6C0-EBECEFC2FE30}.Release|x64.ActiveCfg = Release|Any CPU
		{3B786C37-F8A6-4B86-A6C0-EBECEFC2FE30}.Release|x64.Build.0 = Release|Any CPU
		{3B786C37-F8A6-4B86-A6C0-EBECEFC2FE30}.Release|x86.ActiveCfg = Release|Any CPU
		{3B786C37-F8A6-4B86-A6C0-EBECEFC2FE30}.Release|x86.Build.0 = Release|Any CPU
		{1056DED9-4135-4B0A-8703-130B2EFD62F6}.Debug|Any CPU.ActiveCfg = Debug|Any CPU
		{1056DED9-4135-4B0A-8703-130B2EFD62F6}.Debug|Any CPU.Build.0 = Debug|Any CPU
		{1056DED9-4135-4B0A-8703-130B2EFD62F6}.Debug|ARM.ActiveCfg = Debug|Any CPU
		{1056DED9-4135-4B0A-8703-130B2EFD62F6}.Debug|ARM.Build.0 = Debug|Any CPU
		{1056DED9-4135-4B0A-8703-130B2EFD62F6}.Debug|x64.ActiveCfg = Debug|Any CPU
		{1056DED9-4135-4B0A-8703-130B2EFD62F6}.Debug|x64.Build.0 = Debug|Any CPU
		{1056DED9-4135-4B0A-8703-130B2EFD62F6}.Debug|x86.ActiveCfg = Debug|Any CPU
		{1056DED9-4135-4B0A-8703-130B2EFD62F6}.Debug|x86.Build.0 = Debug|Any CPU
		{1056DED9-4135-4B0A-8703-130B2EFD62F6}.Release|Any CPU.ActiveCfg = Release|Any CPU
		{1056DED9-4135-4B0A-8703-130B2EFD62F6}.Release|Any CPU.Build.0 = Release|Any CPU
		{1056DED9-4135-4B0A-8703-130B2EFD62F6}.Release|ARM.ActiveCfg = Release|Any CPU
		{1056DED9-4135-4B0A-8703-130B2EFD62F6}.Release|ARM.Build.0 = Release|Any CPU
		{1056DED9-4135-4B0A-8703-130B2EFD62F6}.Release|x64.ActiveCfg = Release|Any CPU
		{1056DED9-4135-4B0A-8703-130B2EFD62F6}.Release|x64.Build.0 = Release|Any CPU
		{1056DED9-4135-4B0A-8703-130B2EFD62F6}.Release|x86.ActiveCfg = Release|Any CPU
		{1056DED9-4135-4B0A-8703-130B2EFD62F6}.Release|x86.Build.0 = Release|Any CPU
		{1050F53E-FA15-4D39-A7C6-DFF8F8663C8D}.Debug|Any CPU.ActiveCfg = Debug|Any CPU
		{1050F53E-FA15-4D39-A7C6-DFF8F8663C8D}.Debug|Any CPU.Build.0 = Debug|Any CPU
		{1050F53E-FA15-4D39-A7C6-DFF8F8663C8D}.Debug|ARM.ActiveCfg = Debug|Any CPU
		{1050F53E-FA15-4D39-A7C6-DFF8F8663C8D}.Debug|ARM.Build.0 = Debug|Any CPU
		{1050F53E-FA15-4D39-A7C6-DFF8F8663C8D}.Debug|x64.ActiveCfg = Debug|Any CPU
		{1050F53E-FA15-4D39-A7C6-DFF8F8663C8D}.Debug|x64.Build.0 = Debug|Any CPU
		{1050F53E-FA15-4D39-A7C6-DFF8F8663C8D}.Debug|x86.ActiveCfg = Debug|Any CPU
		{1050F53E-FA15-4D39-A7C6-DFF8F8663C8D}.Debug|x86.Build.0 = Debug|Any CPU
		{1050F53E-FA15-4D39-A7C6-DFF8F8663C8D}.Release|Any CPU.ActiveCfg = Release|Any CPU
		{1050F53E-FA15-4D39-A7C6-DFF8F8663C8D}.Release|Any CPU.Build.0 = Release|Any CPU
		{1050F53E-FA15-4D39-A7C6-DFF8F8663C8D}.Release|ARM.ActiveCfg = Release|Any CPU
		{1050F53E-FA15-4D39-A7C6-DFF8F8663C8D}.Release|ARM.Build.0 = Release|Any CPU
		{1050F53E-FA15-4D39-A7C6-DFF8F8663C8D}.Release|x64.ActiveCfg = Release|Any CPU
		{1050F53E-FA15-4D39-A7C6-DFF8F8663C8D}.Release|x64.Build.0 = Release|Any CPU
		{1050F53E-FA15-4D39-A7C6-DFF8F8663C8D}.Release|x86.ActiveCfg = Release|Any CPU
		{1050F53E-FA15-4D39-A7C6-DFF8F8663C8D}.Release|x86.Build.0 = Release|Any CPU
		{270AA892-6D28-414C-A576-E15C6D3DF1E3}.Debug|Any CPU.ActiveCfg = Debug|Any CPU
		{270AA892-6D28-414C-A576-E15C6D3DF1E3}.Debug|Any CPU.Build.0 = Debug|Any CPU
		{270AA892-6D28-414C-A576-E15C6D3DF1E3}.Debug|ARM.ActiveCfg = Debug|Any CPU
		{270AA892-6D28-414C-A576-E15C6D3DF1E3}.Debug|ARM.Build.0 = Debug|Any CPU
		{270AA892-6D28-414C-A576-E15C6D3DF1E3}.Debug|x64.ActiveCfg = Debug|Any CPU
		{270AA892-6D28-414C-A576-E15C6D3DF1E3}.Debug|x64.Build.0 = Debug|Any CPU
		{270AA892-6D28-414C-A576-E15C6D3DF1E3}.Debug|x86.ActiveCfg = Debug|Any CPU
		{270AA892-6D28-414C-A576-E15C6D3DF1E3}.Debug|x86.Build.0 = Debug|Any CPU
		{270AA892-6D28-414C-A576-E15C6D3DF1E3}.Release|Any CPU.ActiveCfg = Release|Any CPU
		{270AA892-6D28-414C-A576-E15C6D3DF1E3}.Release|Any CPU.Build.0 = Release|Any CPU
		{270AA892-6D28-414C-A576-E15C6D3DF1E3}.Release|ARM.ActiveCfg = Release|Any CPU
		{270AA892-6D28-414C-A576-E15C6D3DF1E3}.Release|ARM.Build.0 = Release|Any CPU
		{270AA892-6D28-414C-A576-E15C6D3DF1E3}.Release|x64.ActiveCfg = Release|Any CPU
		{270AA892-6D28-414C-A576-E15C6D3DF1E3}.Release|x64.Build.0 = Release|Any CPU
		{270AA892-6D28-414C-A576-E15C6D3DF1E3}.Release|x86.ActiveCfg = Release|Any CPU
		{270AA892-6D28-414C-A576-E15C6D3DF1E3}.Release|x86.Build.0 = Release|Any CPU
		{A120386A-18A8-4781-8D2C-FAE524AFA152}.Debug|Any CPU.ActiveCfg = Debug|Any CPU
		{A120386A-18A8-4781-8D2C-FAE524AFA152}.Debug|Any CPU.Build.0 = Debug|Any CPU
		{A120386A-18A8-4781-8D2C-FAE524AFA152}.Debug|ARM.ActiveCfg = Debug|Any CPU
		{A120386A-18A8-4781-8D2C-FAE524AFA152}.Debug|ARM.Build.0 = Debug|Any CPU
		{A120386A-18A8-4781-8D2C-FAE524AFA152}.Debug|x64.ActiveCfg = Debug|Any CPU
		{A120386A-18A8-4781-8D2C-FAE524AFA152}.Debug|x64.Build.0 = Debug|Any CPU
		{A120386A-18A8-4781-8D2C-FAE524AFA152}.Debug|x86.ActiveCfg = Debug|Any CPU
		{A120386A-18A8-4781-8D2C-FAE524AFA152}.Debug|x86.Build.0 = Debug|Any CPU
		{A120386A-18A8-4781-8D2C-FAE524AFA152}.Release|Any CPU.ActiveCfg = Release|Any CPU
		{A120386A-18A8-4781-8D2C-FAE524AFA152}.Release|Any CPU.Build.0 = Release|Any CPU
		{A120386A-18A8-4781-8D2C-FAE524AFA152}.Release|ARM.ActiveCfg = Release|Any CPU
		{A120386A-18A8-4781-8D2C-FAE524AFA152}.Release|ARM.Build.0 = Release|Any CPU
		{A120386A-18A8-4781-8D2C-FAE524AFA152}.Release|x64.ActiveCfg = Release|Any CPU
		{A120386A-18A8-4781-8D2C-FAE524AFA152}.Release|x64.Build.0 = Release|Any CPU
		{A120386A-18A8-4781-8D2C-FAE524AFA152}.Release|x86.ActiveCfg = Release|Any CPU
		{A120386A-18A8-4781-8D2C-FAE524AFA152}.Release|x86.Build.0 = Release|Any CPU
		{096D6556-2F66-4D70-8D18-951650BC843F}.Debug|Any CPU.ActiveCfg = Debug|Any CPU
		{096D6556-2F66-4D70-8D18-951650BC843F}.Debug|Any CPU.Build.0 = Debug|Any CPU
		{096D6556-2F66-4D70-8D18-951650BC843F}.Debug|ARM.ActiveCfg = Debug|Any CPU
		{096D6556-2F66-4D70-8D18-951650BC843F}.Debug|ARM.Build.0 = Debug|Any CPU
		{096D6556-2F66-4D70-8D18-951650BC843F}.Debug|x64.ActiveCfg = Debug|Any CPU
		{096D6556-2F66-4D70-8D18-951650BC843F}.Debug|x64.Build.0 = Debug|Any CPU
		{096D6556-2F66-4D70-8D18-951650BC843F}.Debug|x86.ActiveCfg = Debug|Any CPU
		{096D6556-2F66-4D70-8D18-951650BC843F}.Debug|x86.Build.0 = Debug|Any CPU
		{096D6556-2F66-4D70-8D18-951650BC843F}.Release|Any CPU.ActiveCfg = Release|Any CPU
		{096D6556-2F66-4D70-8D18-951650BC843F}.Release|Any CPU.Build.0 = Release|Any CPU
		{096D6556-2F66-4D70-8D18-951650BC843F}.Release|ARM.ActiveCfg = Release|Any CPU
		{096D6556-2F66-4D70-8D18-951650BC843F}.Release|ARM.Build.0 = Release|Any CPU
		{096D6556-2F66-4D70-8D18-951650BC843F}.Release|x64.ActiveCfg = Release|Any CPU
		{096D6556-2F66-4D70-8D18-951650BC843F}.Release|x64.Build.0 = Release|Any CPU
		{096D6556-2F66-4D70-8D18-951650BC843F}.Release|x86.ActiveCfg = Release|Any CPU
		{096D6556-2F66-4D70-8D18-951650BC843F}.Release|x86.Build.0 = Release|Any CPU
		{50EDF8BD-3525-4B14-B170-2AE564DF3548}.Debug|Any CPU.ActiveCfg = Debug|Any CPU
		{50EDF8BD-3525-4B14-B170-2AE564DF3548}.Debug|Any CPU.Build.0 = Debug|Any CPU
		{50EDF8BD-3525-4B14-B170-2AE564DF3548}.Debug|ARM.ActiveCfg = Debug|Any CPU
		{50EDF8BD-3525-4B14-B170-2AE564DF3548}.Debug|ARM.Build.0 = Debug|Any CPU
		{50EDF8BD-3525-4B14-B170-2AE564DF3548}.Debug|x64.ActiveCfg = Debug|Any CPU
		{50EDF8BD-3525-4B14-B170-2AE564DF3548}.Debug|x64.Build.0 = Debug|Any CPU
		{50EDF8BD-3525-4B14-B170-2AE564DF3548}.Debug|x86.ActiveCfg = Debug|Any CPU
		{50EDF8BD-3525-4B14-B170-2AE564DF3548}.Debug|x86.Build.0 = Debug|Any CPU
		{50EDF8BD-3525-4B14-B170-2AE564DF3548}.Release|Any CPU.ActiveCfg = Release|Any CPU
		{50EDF8BD-3525-4B14-B170-2AE564DF3548}.Release|Any CPU.Build.0 = Release|Any CPU
		{50EDF8BD-3525-4B14-B170-2AE564DF3548}.Release|ARM.ActiveCfg = Release|Any CPU
		{50EDF8BD-3525-4B14-B170-2AE564DF3548}.Release|ARM.Build.0 = Release|Any CPU
		{50EDF8BD-3525-4B14-B170-2AE564DF3548}.Release|x64.ActiveCfg = Release|Any CPU
		{50EDF8BD-3525-4B14-B170-2AE564DF3548}.Release|x64.Build.0 = Release|Any CPU
		{50EDF8BD-3525-4B14-B170-2AE564DF3548}.Release|x86.ActiveCfg = Release|Any CPU
		{50EDF8BD-3525-4B14-B170-2AE564DF3548}.Release|x86.Build.0 = Release|Any CPU
		{E7E7E77F-9FE0-431E-BDA5-B55101CEE855}.Debug|Any CPU.ActiveCfg = Debug|Any CPU
		{E7E7E77F-9FE0-431E-BDA5-B55101CEE855}.Debug|Any CPU.Build.0 = Debug|Any CPU
		{E7E7E77F-9FE0-431E-BDA5-B55101CEE855}.Debug|ARM.ActiveCfg = Debug|Any CPU
		{E7E7E77F-9FE0-431E-BDA5-B55101CEE855}.Debug|ARM.Build.0 = Debug|Any CPU
		{E7E7E77F-9FE0-431E-BDA5-B55101CEE855}.Debug|x64.ActiveCfg = Debug|Any CPU
		{E7E7E77F-9FE0-431E-BDA5-B55101CEE855}.Debug|x64.Build.0 = Debug|Any CPU
		{E7E7E77F-9FE0-431E-BDA5-B55101CEE855}.Debug|x86.ActiveCfg = Debug|Any CPU
		{E7E7E77F-9FE0-431E-BDA5-B55101CEE855}.Debug|x86.Build.0 = Debug|Any CPU
		{E7E7E77F-9FE0-431E-BDA5-B55101CEE855}.Release|Any CPU.ActiveCfg = Release|Any CPU
		{E7E7E77F-9FE0-431E-BDA5-B55101CEE855}.Release|Any CPU.Build.0 = Release|Any CPU
		{E7E7E77F-9FE0-431E-BDA5-B55101CEE855}.Release|ARM.ActiveCfg = Release|Any CPU
		{E7E7E77F-9FE0-431E-BDA5-B55101CEE855}.Release|ARM.Build.0 = Release|Any CPU
		{E7E7E77F-9FE0-431E-BDA5-B55101CEE855}.Release|x64.ActiveCfg = Release|Any CPU
		{E7E7E77F-9FE0-431E-BDA5-B55101CEE855}.Release|x64.Build.0 = Release|Any CPU
		{E7E7E77F-9FE0-431E-BDA5-B55101CEE855}.Release|x86.ActiveCfg = Release|Any CPU
		{E7E7E77F-9FE0-431E-BDA5-B55101CEE855}.Release|x86.Build.0 = Release|Any CPU
		{F937483A-DA36-48A3-8E4C-1823131BAAA9}.Debug|Any CPU.ActiveCfg = Debug|Any CPU
		{F937483A-DA36-48A3-8E4C-1823131BAAA9}.Debug|Any CPU.Build.0 = Debug|Any CPU
		{F937483A-DA36-48A3-8E4C-1823131BAAA9}.Debug|ARM.ActiveCfg = Debug|Any CPU
		{F937483A-DA36-48A3-8E4C-1823131BAAA9}.Debug|ARM.Build.0 = Debug|Any CPU
		{F937483A-DA36-48A3-8E4C-1823131BAAA9}.Debug|x64.ActiveCfg = Debug|Any CPU
		{F937483A-DA36-48A3-8E4C-1823131BAAA9}.Debug|x64.Build.0 = Debug|Any CPU
		{F937483A-DA36-48A3-8E4C-1823131BAAA9}.Debug|x86.ActiveCfg = Debug|Any CPU
		{F937483A-DA36-48A3-8E4C-1823131BAAA9}.Debug|x86.Build.0 = Debug|Any CPU
		{F937483A-DA36-48A3-8E4C-1823131BAAA9}.Release|Any CPU.ActiveCfg = Release|Any CPU
		{F937483A-DA36-48A3-8E4C-1823131BAAA9}.Release|Any CPU.Build.0 = Release|Any CPU
		{F937483A-DA36-48A3-8E4C-1823131BAAA9}.Release|ARM.ActiveCfg = Release|Any CPU
		{F937483A-DA36-48A3-8E4C-1823131BAAA9}.Release|ARM.Build.0 = Release|Any CPU
		{F937483A-DA36-48A3-8E4C-1823131BAAA9}.Release|x64.ActiveCfg = Release|Any CPU
		{F937483A-DA36-48A3-8E4C-1823131BAAA9}.Release|x64.Build.0 = Release|Any CPU
		{F937483A-DA36-48A3-8E4C-1823131BAAA9}.Release|x86.ActiveCfg = Release|Any CPU
		{F937483A-DA36-48A3-8E4C-1823131BAAA9}.Release|x86.Build.0 = Release|Any CPU
		{B9343BCA-257F-434A-ABD1-11F251ABAC48}.Debug|Any CPU.ActiveCfg = Debug|Any CPU
		{B9343BCA-257F-434A-ABD1-11F251ABAC48}.Debug|Any CPU.Build.0 = Debug|Any CPU
		{B9343BCA-257F-434A-ABD1-11F251ABAC48}.Debug|ARM.ActiveCfg = Debug|Any CPU
		{B9343BCA-257F-434A-ABD1-11F251ABAC48}.Debug|ARM.Build.0 = Debug|Any CPU
		{B9343BCA-257F-434A-ABD1-11F251ABAC48}.Debug|x64.ActiveCfg = Debug|Any CPU
		{B9343BCA-257F-434A-ABD1-11F251ABAC48}.Debug|x64.Build.0 = Debug|Any CPU
		{B9343BCA-257F-434A-ABD1-11F251ABAC48}.Debug|x86.ActiveCfg = Debug|Any CPU
		{B9343BCA-257F-434A-ABD1-11F251ABAC48}.Debug|x86.Build.0 = Debug|Any CPU
		{B9343BCA-257F-434A-ABD1-11F251ABAC48}.Release|Any CPU.ActiveCfg = Release|Any CPU
		{B9343BCA-257F-434A-ABD1-11F251ABAC48}.Release|Any CPU.Build.0 = Release|Any CPU
		{B9343BCA-257F-434A-ABD1-11F251ABAC48}.Release|ARM.ActiveCfg = Release|Any CPU
		{B9343BCA-257F-434A-ABD1-11F251ABAC48}.Release|ARM.Build.0 = Release|Any CPU
		{B9343BCA-257F-434A-ABD1-11F251ABAC48}.Release|x64.ActiveCfg = Release|Any CPU
		{B9343BCA-257F-434A-ABD1-11F251ABAC48}.Release|x64.Build.0 = Release|Any CPU
		{B9343BCA-257F-434A-ABD1-11F251ABAC48}.Release|x86.ActiveCfg = Release|Any CPU
		{B9343BCA-257F-434A-ABD1-11F251ABAC48}.Release|x86.Build.0 = Release|Any CPU
	EndGlobalSection
	GlobalSection(SolutionProperties) = preSolution
		HideSolutionNode = FALSE
	EndGlobalSection
	GlobalSection(NestedProjects) = preSolution
		{C041AE61-9692-4389-BCD2-A27864D2CB60} = {9798F4FD-9C17-4B75-BEF1-3C1292D8DC45}
		{3CAA317F-81C5-4D07-AE82-C58CA0A9745D} = {9798F4FD-9C17-4B75-BEF1-3C1292D8DC45}
		{238AB7BF-87ED-476A-A6E0-A7A41DED3E3E} = {9798F4FD-9C17-4B75-BEF1-3C1292D8DC45}
		{6420496E-9F2D-40A3-8943-27ECC32207CC} = {9798F4FD-9C17-4B75-BEF1-3C1292D8DC45}
		{1245ED00-46BA-4558-BD30-CDDE6A786E9A} = {4152F193-C8B4-41D9-96DE-6DDE23EBD42A}
		{FCD87A2A-4C41-4D7F-99E1-51EF73A9E444} = {667E6250-A836-4C17-A4DC-6CE26AF19193}
		{304AEFE4-BC05-49EE-B31D-B83BFB670FE3} = {667E6250-A836-4C17-A4DC-6CE26AF19193}
		{140CBB62-BA92-4543-AE0D-F4C66015DDC3} = {4152F193-C8B4-41D9-96DE-6DDE23EBD42A}
		{78EA485B-EE54-4399-9D63-C0B62D19FC5E} = {667E6250-A836-4C17-A4DC-6CE26AF19193}
		{0E70EE47-CBF5-4593-B50F-67A892967F16} = {667E6250-A836-4C17-A4DC-6CE26AF19193}
		{F4E8CC02-B82F-4FAF-AB2C-57F0B5FFA610} = {4152F193-C8B4-41D9-96DE-6DDE23EBD42A}
		{BAD05475-3DFB-4F59-B8C6-AB8D477843BF} = {4152F193-C8B4-41D9-96DE-6DDE23EBD42A}
		{3B786C37-F8A6-4B86-A6C0-EBECEFC2FE30} = {667E6250-A836-4C17-A4DC-6CE26AF19193}
		{1056DED9-4135-4B0A-8703-130B2EFD62F6} = {4152F193-C8B4-41D9-96DE-6DDE23EBD42A}
		{1050F53E-FA15-4D39-A7C6-DFF8F8663C8D} = {667E6250-A836-4C17-A4DC-6CE26AF19193}
		{270AA892-6D28-414C-A576-E15C6D3DF1E3} = {9798F4FD-9C17-4B75-BEF1-3C1292D8DC45}
		{A120386A-18A8-4781-8D2C-FAE524AFA152} = {A60F4B98-0001-426E-A248-CAAE7F00246B}
		{096D6556-2F66-4D70-8D18-951650BC843F} = {667E6250-A836-4C17-A4DC-6CE26AF19193}
		{50EDF8BD-3525-4B14-B170-2AE564DF3548} = {4152F193-C8B4-41D9-96DE-6DDE23EBD42A}
		{E7E7E77F-9FE0-431E-BDA5-B55101CEE855} = {9798F4FD-9C17-4B75-BEF1-3C1292D8DC45}
		{F937483A-DA36-48A3-8E4C-1823131BAAA9} = {4152F193-C8B4-41D9-96DE-6DDE23EBD42A}
	EndGlobalSection
	GlobalSection(ExtensibilityGlobals) = postSolution
		SolutionGuid = {24E5C9DB-6A40-4E92-A7A3-DD5AE414C2B8}
	EndGlobalSection
EndGlobal
